
Microsoft Visual Studio Solution File, Format Version 12.00
# Visual Studio 14
VisualStudioVersion = 14.0.22512.0
MinimumVisualStudioVersion = 10.0.40219.1
Project("{FAE04EC0-301F-11D3-BF4B-00C04F79EFBC}") = "go.dnp.dart.gui", "go.dnp.dart.gui\go.dnp.dart.gui.csproj", "{0FDE0E68-8AAD-427F-A0FC-A609A7422F44}"
EndProject
Project("{FAE04EC0-301F-11D3-BF4B-00C04F79EFBC}") = "go.dnp.dart.core", "go.dnp.dart.core\go.dnp.dart.core.csproj", "{431651CD-9DFB-4D5B-BDDC-2715054941DC}"
EndProject
Project("{FAE04EC0-301F-11D3-BF4B-00C04F79EFBC}") = "go.dnp.dart.core.tests", "go.dnp.dart.core.tests\go.dnp.dart.core.tests.csproj", "{8764A99E-22CB-4155-9EA3-D17C22EEA1C7}"
EndProject
Project("{2150E333-8FDC-42A3-9474-1A3956D46DE8}") = ".nuget", ".nuget", "{5C07F6EB-DE4E-41CC-A4C1-BE97037B8C54}"
	ProjectSection(SolutionItems) = preProject
		.nuget\packages.config = .nuget\packages.config
	EndProjectSection
EndProject
Global
	GlobalSection(SolutionConfigurationPlatforms) = preSolution
		Debug|Any CPU = Debug|Any CPU
		Release|Any CPU = Release|Any CPU
	EndGlobalSection
	GlobalSection(ProjectConfigurationPlatforms) = postSolution
		{0FDE0E68-8AAD-427F-A0FC-A609A7422F44}.Debug|Any CPU.ActiveCfg = Debug|Any CPU
		{0FDE0E68-8AAD-427F-A0FC-A609A7422F44}.Debug|Any CPU.Build.0 = Debug|Any CPU
		{0FDE0E68-8AAD-427F-A0FC-A609A7422F44}.Release|Any CPU.ActiveCfg = Release|Any CPU
		{0FDE0E68-8AAD-427F-A0FC-A609A7422F44}.Release|Any CPU.Build.0 = Release|Any CPU
		{431651CD-9DFB-4D5B-BDDC-2715054941DC}.Debug|Any CPU.ActiveCfg = Debug|Any CPU
		{431651CD-9DFB-4D5B-BDDC-2715054941DC}.Debug|Any CPU.Build.0 = Debug|Any CPU
		{431651CD-9DFB-4D5B-BDDC-2715054941DC}.Release|Any CPU.ActiveCfg = Release|Any CPU
		{431651CD-9DFB-4D5B-BDDC-2715054941DC}.Release|Any CPU.Build.0 = Release|Any CPU
		{8764A99E-22CB-4155-9EA3-D17C22EEA1C7}.Debug|Any CPU.ActiveCfg = Debug|Any CPU
		{8764A99E-22CB-4155-9EA3-D17C22EEA1C7}.Debug|Any CPU.Build.0 = Debug|Any CPU
		{8764A99E-22CB-4155-9EA3-D17C22EEA1C7}.Release|Any CPU.ActiveCfg = Release|Any CPU
		{8764A99E-22CB-4155-9EA3-D17C22EEA1C7}.Release|Any CPU.Build.0 = Release|Any CPU
	EndGlobalSection
	GlobalSection(SolutionProperties) = preSolution
		HideSolutionNode = FALSE
	EndGlobalSection
EndGlobal
